
Microsoft Visual Studio Solution File, Format Version 12.00
# Visual Studio 2015
Project("{FAE04EC0-301F-11D3-BF4B-00C04F79EFBC}") = "UnityVS.ScrollingCombatText.CSharp.Plugins", "UnityVS.ScrollingCombatText.CSharp.Plugins.csproj", "{B7053640-A27C-1677-5A4D-67A4D1345BFD}"
EndProject
Project("{FAE04EC0-301F-11D3-BF4B-00C04F79EFBC}") = "UnityVS.ScrollingCombatText.CSharp", "UnityVS.ScrollingCombatText.CSharp.csproj", "{6F656416-63D0-1629-58A5-117D2C6DE30C}"
EndProject
Project("{FAE04EC0-301F-11D3-BF4B-00C04F79EFBC}") = "UnityVS.ScrollingCombatText.CSharp.Editor", "UnityVS.ScrollingCombatText.CSharp.Editor.csproj", "{1DD16317-29EA-E7CE-43DF-DA94230DB9D4}"
EndProject
Global
	GlobalSection(SolutionConfigurationPlatforms) = preSolution
		Debug|Any CPU = Debug|Any CPU
		Release|Any CPU = Release|Any CPU
	EndGlobalSection
	GlobalSection(ProjectConfigurationPlatforms) = postSolution
		{B7053640-A27C-1677-5A4D-67A4D1345BFD}.Debug|Any CPU.ActiveCfg = Debug|Any CPU
		{B7053640-A27C-1677-5A4D-67A4D1345BFD}.Debug|Any CPU.Build.0 = Debug|Any CPU
		{B7053640-A27C-1677-5A4D-67A4D1345BFD}.Release|Any CPU.ActiveCfg = Release|Any CPU
		{B7053640-A27C-1677-5A4D-67A4D1345BFD}.Release|Any CPU.Build.0 = Release|Any CPU
		{6F656416-63D0-1629-58A5-117D2C6DE30C}.Debug|Any CPU.ActiveCfg = Debug|Any CPU
		{6F656416-63D0-1629-58A5-117D2C6DE30C}.Debug|Any CPU.Build.0 = Debug|Any CPU
		{6F656416-63D0-1629-58A5-117D2C6DE30C}.Release|Any CPU.ActiveCfg = Release|Any CPU
		{6F656416-63D0-1629-58A5-117D2C6DE30C}.Release|Any CPU.Build.0 = Release|Any CPU
		{1DD16317-29EA-E7CE-43DF-DA94230DB9D4}.Debug|Any CPU.ActiveCfg = Debug|Any CPU
		{1DD16317-29EA-E7CE-43DF-DA94230DB9D4}.Debug|Any CPU.Build.0 = Debug|Any CPU
		{1DD16317-29EA-E7CE-43DF-DA94230DB9D4}.Release|Any CPU.ActiveCfg = Release|Any CPU
		{1DD16317-29EA-E7CE-43DF-DA94230DB9D4}.Release|Any CPU.Build.0 = Release|Any CPU
	EndGlobalSection
	GlobalSection(SolutionProperties) = preSolution
		HideSolutionNode = FALSE
	EndGlobalSection
EndGlobal
